<?xml version="1.0" encoding="utf-8"?>
<Project ToolsVersion="4.0" xmlns="http://schemas.microsoft.com/developer/msbuild/2003">
  <ItemGroup>
    <Filter Include="Исходные файлы">
      <UniqueIdentifier>{4FC737F1-C7A5-4376-A066-2A32D752A2FF}</UniqueIdentifier>
      <Extensions>cpp;c;cc;cxx;def;odl;idl;hpj;bat;asm;asmx</Extensions>
    </Filter>
    <Filter Include="Файлы заголовков">
      <UniqueIdentifier>{93995380-89BD-4b04-88EB-625FBE52EBFB}</UniqueIdentifier>
      <Extensions>h;hh;hpp;hxx;hm;inl;inc;ipp;xsd</Extensions>
    </Filter>
    <Filter Include="Файлы ресурсов">
      <UniqueIdentifier>{67DA6AB6-F800-4c08-8B7A-83BB121AAD01}</UniqueIdentifier>
      <Extensions>rc;ico;cur;bmp;dlg;rc2;rct;bin;rgs;gif;jpg;jpeg;jpe;resx;tiff;tif;png;wav;mfcribbon-ms</Extensions>
    </Filter>
  </ItemGroup>
  <ItemGroup>
    <ClCompile Include="..\sip-credential-hdr.cpp">
      <Filter>Исходные файлы</Filter>
    </ClCompile>
    <ClCompile Include="..\sip-cseq-hdr.cpp">
      <Filter>Исходные файлы</Filter>
    </ClCompile>
    <ClCompile Include="..\sip-hdr.cpp">
      <Filter>Исходные файлы</Filter>
    </ClCompile>
    <ClCompile Include="..\sip-message.cpp">
      <Filter>Исходные файлы</Filter>
    </ClCompile>
    <ClCompile Include="..\sip-param.cpp">
      <Filter>Исходные файлы</Filter>
    </ClCompile>
    <ClCompile Include="..\sipstack.cpp">
      <Filter>Исходные файлы</Filter>
    </ClCompile>
    <ClCompile Include="..\sip-uri.cpp">
      <Filter>Исходные файлы</Filter>
    </ClCompile>
    <ClCompile Include="main.cpp">
      <Filter>Исходные файлы</Filter>
    </ClCompile>
    <ClCompile Include="..\sip-via-hdr.cpp">
      <Filter>Исходные файлы</Filter>
    </ClCompile>
    <ClCompile Include="..\sip-codes.cpp">
      <Filter>Исходные файлы</Filter>
    </ClCompile>
    <ClCompile Include="..\sip-ftc-hdr.cpp">
      <Filter>Исходные файлы</Filter>
    </ClCompile>
    <ClCompile Include="global-env.cpp">
      <Filter>Файлы заголовков</Filter>
    </ClCompile>
    <ClCompile Include="..\sip-auth.cpp">
      <Filter>Исходные файлы</Filter>
    </ClCompile>
    <ClCompile Include="..\md5.cpp">
      <Filter>Исходные файлы</Filter>
    </ClCompile>
  </ItemGroup>
  <ItemGroup>
    <ClInclude Include="..\sip-credential-hdr.hpp">
      <Filter>Исходные файлы</Filter>
    </ClInclude>
    <ClInclude Include="..\sip-cseq-hdr.hpp">
      <Filter>Исходные файлы</Filter>
    </ClInclude>
    <ClInclude Include="..\sip-hdr.hpp">
      <Filter>Исходные файлы</Filter>
    </ClInclude>
    <ClInclude Include="..\sip-message.hpp">
      <Filter>Исходные файлы</Filter>
    </ClInclude>
    <ClInclude Include="..\sip-param.hpp">
      <Filter>Исходные файлы</Filter>
    </ClInclude>
    <ClInclude Include="..\sipstack.hpp">
      <Filter>Исходные файлы</Filter>
    </ClInclude>
    <ClInclude Include="..\sip-uri.hpp">
      <Filter>Исходные файлы</Filter>
    </ClInclude>
    <ClInclude Include="..\sip-via-hdr.hpp">
      <Filter>Исходные файлы</Filter>
    </ClInclude>
    <ClInclude Include="..\sip-codes.hpp">
      <Filter>Исходные файлы</Filter>
    </ClInclude>
    <ClInclude Include="..\sip-ftc-hdr.hpp">
      <Filter>Исходные файлы</Filter>
    </ClInclude>
    <ClInclude Include="global-env.hpp">
      <Filter>Файлы заголовков</Filter>
    </ClInclude>
    <ClInclude Include="..\sip-auth.hpp">
      <Filter>Исходные файлы</Filter>
    </ClInclude>
    <ClInclude Include="..\md5.hpp">
      <Filter>Исходные файлы</Filter>
    </ClInclude>
  </ItemGroup>
</Project>